{
  "name": "mini-program",
  "version": "1.0.0",
  "lockfileVersion": 1,
  "requires": true,
  "dependencies": {
    "vant-weapp": {
      "version": "0.5.11",
      "resolved": "https://registry.npm.taobao.org/vant-weapp/download/vant-weapp-0.5.11.tgz",
      "integrity": "sha1-7Qxh+TdmsSzn22zX2KI4HLywZ4E="
    }
  }
}
